Microsoft Visual Studio Solution File, Format Version 12.00
# Visual Studio Version 17
VisualStudioVersion = 17.0.31611.283
MinimumVisualStudioVersion = 10.0.40219.1
Project("{9A19103F-16F7-4668-BE54-9A1E7A4F7556}") = "MongoDbShop", "MongoDbShop\MongoDbShop.csproj", "{DB0603C4-3572-4DB1-837B-8060241731B5}"
EndProject
Project("{2150E333-8FDC-42A3-9474-1A3956D46DE8}") = "Docs", "Docs", "{D5FB4CCF-A9A9-451F-83AB-9D6C06272B52}"
	ProjectSection(SolutionItems) = preProject
		README.md = README.md
	EndProjectSection
EndProject
Global
	GlobalSection(SolutionConfigurationPlatforms) = preSolution
		Debug|Any CPU = Debug|Any CPU
		Release|Any CPU = Release|Any CPU
	EndGlobalSection
	GlobalSection(ProjectConfigurationPlatforms) = postSolution
		{DB0603C4-3572-4DB1-837B-8060241731B5}.Debug|Any CPU.ActiveCfg = Debug|Any CPU
		{DB0603C4-3572-4DB1-837B-8060241731B5}.Debug|Any CPU.Build.0 = Debug|Any CPU
		{DB0603C4-3572-4DB1-837B-8060241731B5}.Debug|Any CPU.Deploy.0 = Debug|Any CPU
		{DB0603C4-3572-4DB1-837B-8060241731B5}.Release|Any CPU.ActiveCfg = Release|Any CPU
		{DB0603C4-3572-4DB1-837B-8060241731B5}.Release|Any CPU.Build.0 = Release|Any CPU
		{DB0603C4-3572-4DB1-837B-8060241731B5}.Release|Any CPU.Deploy.0 = Release|Any CPU
	EndGlobalSection
	GlobalSection(SolutionProperties) = preSolution
		HideSolutionNode = FALSE
	EndGlobalSection
	GlobalSection(ExtensibilityGlobals) = postSolution
		SolutionGuid = {BCFCD08C-D16A-4AFB-8597-6F3E2B4A57E5}
		        SolutionGuid = {61F7FB11-1E47-470C-91E2-47F8143E1572}
	EndGlobalSection
EndGlobal
